
Microsoft Visual Studio Solution File, Format Version 12.00
# Visual Studio 15
VisualStudioVersion = 15.0.26124.0
MinimumVisualStudioVersion = 15.0.26124.0
Project("{2150E333-8FDC-42A3-9474-1A3956D46DE8}") = "src", "src", "{50D42CC2-0E60-4053-9EE8-BFF723CF420A}"
EndProject
Project("{FAE04EC0-301F-11D3-BF4B-00C04F79EFBC}") = "AirQuality", "src\AirQuality\AirQuality.csproj", "{3728A609-BD52-45E8-804B-75363CD702F0}"
EndProject
Project("{2150E333-8FDC-42A3-9474-1A3956D46DE8}") = "tst", "tst", "{1F79F844-0025-45B8-9491-EB761C9B9097}"
EndProject
Project("{FAE04EC0-301F-11D3-BF4B-00C04F79EFBC}") = "AirQuality.Tests", "tst\AirQuality.Tests\AirQuality.Tests.csproj", "{D655C08C-2D01-4C4D-A70B-769FEC1F2F03}"
EndProject
Project("{2150E333-8FDC-42A3-9474-1A3956D46DE8}") = "cloud-infra", "cloud-infra", "{868CF569-428A-4251-ABF4-2E819B2E2F04}"
EndProject
Project("{2150E333-8FDC-42A3-9474-1A3956D46DE8}") = "AirQualityCDK", "AirQualityCDK", "{C8195524-C2B6-4B16-B36B-E0A4B3FC2111}"
EndProject
Project("{2150E333-8FDC-42A3-9474-1A3956D46DE8}") = "src", "src", "{B5685BED-1E46-4EA9-8AC8-4A4E7791A1CC}"
EndProject
Project("{FAE04EC0-301F-11D3-BF4B-00C04F79EFBC}") = "AirQualityCdk", "cloud-infra\AirQualityCDK\src\AirQualityCdk\AirQualityCdk.csproj", "{40B219BA-3154-4CE9-BD8C-C22D3AF2B715}"
EndProject
Project("{2150E333-8FDC-42A3-9474-1A3956D46DE8}") = "Aws", "Aws", "{E3CBCBC9-64B8-4D1B-B7CA-1845A9E1DD37}"
EndProject
Project("{2150E333-8FDC-42A3-9474-1A3956D46DE8}") = "WaqiGetCityFeedLambda", "WaqiGetCityFeedLambda", "{E9580214-088B-4BA4-BD2E-8CDB81139E84}"
EndProject
Project("{2150E333-8FDC-42A3-9474-1A3956D46DE8}") = "src", "src", "{2F0D8298-0882-46F0-AFFE-58D02F8C2CFF}"
EndProject
Project("{FAE04EC0-301F-11D3-BF4B-00C04F79EFBC}") = "WaqiGetCityFeedLambda", "src\Aws\WaqiGetCityFeedLambda\src\WaqiGetCityFeedLambda\WaqiGetCityFeedLambda.csproj", "{F5B188D1-0633-4762-8A45-DE0D787DF28E}"
EndProject
Project("{2150E333-8FDC-42A3-9474-1A3956D46DE8}") = "AirQualityFeedProcessorLambda", "AirQualityFeedProcessorLambda", "{793AC3F7-00ED-4376-861D-D33B19FEF63C}"
EndProject
Project("{2150E333-8FDC-42A3-9474-1A3956D46DE8}") = "src", "src", "{7A0D06BE-FA5C-498F-BF30-A45CF3B8EE9A}"
EndProject
Project("{FAE04EC0-301F-11D3-BF4B-00C04F79EFBC}") = "AirQualityFeedProcessorLambda", "src\Aws\AirQualityFeedProcessorLambda\src\AirQualityFeedProcessorLambda\AirQualityFeedProcessorLambda.csproj", "{290DFA55-40B7-4FE5-8394-A6970A63357F}"
EndProject
Project("{2150E333-8FDC-42A3-9474-1A3956D46DE8}") = "AirQualityTwitterPublisherLambda", "AirQualityTwitterPublisherLambda", "{38179A9B-9917-40AE-9ED9-58C3758E1FB9}"
EndProject
Project("{2150E333-8FDC-42A3-9474-1A3956D46DE8}") = "src", "src", "{BDB8525B-9F60-43B8-B70A-0C6EA6633B1E}"
EndProject
Project("{FAE04EC0-301F-11D3-BF4B-00C04F79EFBC}") = "AirQualityTwitterPublisherLambda", "src\Aws\AirQualityTwitterPublisherLambda\src\AirQualityTwitterPublisherLambda\AirQualityTwitterPublisherLambda.csproj", "{6B2223CF-A06F-44B6-BC94-93BE2F6E8BF1}"
EndProject
Global
	GlobalSection(SolutionConfigurationPlatforms) = preSolution
		Debug|Any CPU = Debug|Any CPU
		Debug|x64 = Debug|x64
		Debug|x86 = Debug|x86
		Release|Any CPU = Release|Any CPU
		Release|x64 = Release|x64
		Release|x86 = Release|x86
	EndGlobalSection
	GlobalSection(SolutionProperties) = preSolution
		HideSolutionNode = FALSE
	EndGlobalSection
	GlobalSection(ProjectConfigurationPlatforms) = postSolution
		{3728A609-BD52-45E8-804B-75363CD702F0}.Debug|Any CPU.ActiveCfg = Debug|Any CPU
		{3728A609-BD52-45E8-804B-75363CD702F0}.Debug|Any CPU.Build.0 = Debug|Any CPU
		{3728A609-BD52-45E8-804B-75363CD702F0}.Debug|x64.ActiveCfg = Debug|Any CPU
		{3728A609-BD52-45E8-804B-75363CD702F0}.Debug|x64.Build.0 = Debug|Any CPU
		{3728A609-BD52-45E8-804B-75363CD702F0}.Debug|x86.ActiveCfg = Debug|Any CPU
		{3728A609-BD52-45E8-804B-75363CD702F0}.Debug|x86.Build.0 = Debug|Any CPU
		{3728A609-BD52-45E8-804B-75363CD702F0}.Release|Any CPU.ActiveCfg = Release|Any CPU
		{3728A609-BD52-45E8-804B-75363CD702F0}.Release|Any CPU.Build.0 = Release|Any CPU
		{3728A609-BD52-45E8-804B-75363CD702F0}.Release|x64.ActiveCfg = Release|Any CPU
		{3728A609-BD52-45E8-804B-75363CD702F0}.Release|x64.Build.0 = Release|Any CPU
		{3728A609-BD52-45E8-804B-75363CD702F0}.Release|x86.ActiveCfg = Release|Any CPU
		{3728A609-BD52-45E8-804B-75363CD702F0}.Release|x86.Build.0 = Release|Any CPU
		{D655C08C-2D01-4C4D-A70B-769FEC1F2F03}.Debug|Any CPU.ActiveCfg = Debug|Any CPU
		{D655C08C-2D01-4C4D-A70B-769FEC1F2F03}.Debug|Any CPU.Build.0 = Debug|Any CPU
		{D655C08C-2D01-4C4D-A70B-769FEC1F2F03}.Debug|x64.ActiveCfg = Debug|Any CPU
		{D655C08C-2D01-4C4D-A70B-769FEC1F2F03}.Debug|x64.Build.0 = Debug|Any CPU
		{D655C08C-2D01-4C4D-A70B-769FEC1F2F03}.Debug|x86.ActiveCfg = Debug|Any CPU
		{D655C08C-2D01-4C4D-A70B-769FEC1F2F03}.Debug|x86.Build.0 = Debug|Any CPU
		{D655C08C-2D01-4C4D-A70B-769FEC1F2F03}.Release|Any CPU.ActiveCfg = Release|Any CPU
		{D655C08C-2D01-4C4D-A70B-769FEC1F2F03}.Release|Any CPU.Build.0 = Release|Any CPU
		{D655C08C-2D01-4C4D-A70B-769FEC1F2F03}.Release|x64.ActiveCfg = Release|Any CPU
		{D655C08C-2D01-4C4D-A70B-769FEC1F2F03}.Release|x64.Build.0 = Release|Any CPU
		{D655C08C-2D01-4C4D-A70B-769FEC1F2F03}.Release|x86.ActiveCfg = Release|Any CPU
		{D655C08C-2D01-4C4D-A70B-769FEC1F2F03}.Release|x86.Build.0 = Release|Any CPU
		{40B219BA-3154-4CE9-BD8C-C22D3AF2B715}.Debug|Any CPU.ActiveCfg = Debug|Any CPU
		{40B219BA-3154-4CE9-BD8C-C22D3AF2B715}.Debug|Any CPU.Build.0 = Debug|Any CPU
		{40B219BA-3154-4CE9-BD8C-C22D3AF2B715}.Debug|x64.ActiveCfg = Debug|Any CPU
		{40B219BA-3154-4CE9-BD8C-C22D3AF2B715}.Debug|x64.Build.0 = Debug|Any CPU
		{40B219BA-3154-4CE9-BD8C-C22D3AF2B715}.Debug|x86.ActiveCfg = Debug|Any CPU
		{40B219BA-3154-4CE9-BD8C-C22D3AF2B715}.Debug|x86.Build.0 = Debug|Any CPU
		{40B219BA-3154-4CE9-BD8C-C22D3AF2B715}.Release|Any CPU.ActiveCfg = Release|Any CPU
		{40B219BA-3154-4CE9-BD8C-C22D3AF2B715}.Release|Any CPU.Build.0 = Release|Any CPU
		{40B219BA-3154-4CE9-BD8C-C22D3AF2B715}.Release|x64.ActiveCfg = Release|Any CPU
		{40B219BA-3154-4CE9-BD8C-C22D3AF2B715}.Release|x64.Build.0 = Release|Any CPU
		{40B219BA-3154-4CE9-BD8C-C22D3AF2B715}.Release|x86.ActiveCfg = Release|Any CPU
		{40B219BA-3154-4CE9-BD8C-C22D3AF2B715}.Release|x86.Build.0 = Release|Any CPU
		{F5B188D1-0633-4762-8A45-DE0D787DF28E}.Debug|Any CPU.ActiveCfg = Debug|Any CPU
		{F5B188D1-0633-4762-8A45-DE0D787DF28E}.Debug|Any CPU.Build.0 = Debug|Any CPU
		{F5B188D1-0633-4762-8A45-DE0D787DF28E}.Debug|x64.ActiveCfg = Debug|Any CPU
		{F5B188D1-0633-4762-8A45-DE0D787DF28E}.Debug|x64.Build.0 = Debug|Any CPU
		{F5B188D1-0633-4762-8A45-DE0D787DF28E}.Debug|x86.ActiveCfg = Debug|Any CPU
		{F5B188D1-0633-4762-8A45-DE0D787DF28E}.Debug|x86.Build.0 = Debug|Any CPU
		{F5B188D1-0633-4762-8A45-DE0D787DF28E}.Release|Any CPU.ActiveCfg = Release|Any CPU
		{F5B188D1-0633-4762-8A45-DE0D787DF28E}.Release|Any CPU.Build.0 = Release|Any CPU
		{F5B188D1-0633-4762-8A45-DE0D787DF28E}.Release|x64.ActiveCfg = Release|Any CPU
		{F5B188D1-0633-4762-8A45-DE0D787DF28E}.Release|x64.Build.0 = Release|Any CPU
		{F5B188D1-0633-4762-8A45-DE0D787DF28E}.Release|x86.ActiveCfg = Release|Any CPU
		{F5B188D1-0633-4762-8A45-DE0D787DF28E}.Release|x86.Build.0 = Release|Any CPU
		{290DFA55-40B7-4FE5-8394-A6970A63357F}.Debug|Any CPU.ActiveCfg = Debug|Any CPU
		{290DFA55-40B7-4FE5-8394-A6970A63357F}.Debug|Any CPU.Build.0 = Debug|Any CPU
		{290DFA55-40B7-4FE5-8394-A6970A63357F}.Debug|x64.ActiveCfg = Debug|Any CPU
		{290DFA55-40B7-4FE5-8394-A6970A63357F}.Debug|x64.Build.0 = Debug|Any CPU
		{290DFA55-40B7-4FE5-8394-A6970A63357F}.Debug|x86.ActiveCfg = Debug|Any CPU
		{290DFA55-40B7-4FE5-8394-A6970A63357F}.Debug|x86.Build.0 = Debug|Any CPU
		{290DFA55-40B7-4FE5-8394-A6970A63357F}.Release|Any CPU.ActiveCfg = Release|Any CPU
		{290DFA55-40B7-4FE5-8394-A6970A63357F}.Release|Any CPU.Build.0 = Release|Any CPU
		{290DFA55-40B7-4FE5-8394-A6970A63357F}.Release|x64.ActiveCfg = Release|Any CPU
		{290DFA55-40B7-4FE5-8394-A6970A63357F}.Release|x64.Build.0 = Release|Any CPU
		{290DFA55-40B7-4FE5-8394-A6970A63357F}.Release|x86.ActiveCfg = Release|Any CPU
		{290DFA55-40B7-4FE5-8394-A6970A63357F}.Release|x86.Build.0 = Release|Any CPU
		{6B2223CF-A06F-44B6-BC94-93BE2F6E8BF1}.Debug|Any CPU.ActiveCfg = Debug|Any CPU
		{6B2223CF-A06F-44B6-BC94-93BE2F6E8BF1}.Debug|Any CPU.Build.0 = Debug|Any CPU
		{6B2223CF-A06F-44B6-BC94-93BE2F6E8BF1}.Debug|x64.ActiveCfg = Debug|Any CPU
		{6B2223CF-A06F-44B6-BC94-93BE2F6E8BF1}.Debug|x64.Build.0 = Debug|Any CPU
		{6B2223CF-A06F-44B6-BC94-93BE2F6E8BF1}.Debug|x86.ActiveCfg = Debug|Any CPU
		{6B2223CF-A06F-44B6-BC94-93BE2F6E8BF1}.Debug|x86.Build.0 = Debug|Any CPU
		{6B2223CF-A06F-44B6-BC94-93BE2F6E8BF1}.Release|Any CPU.ActiveCfg = Release|Any CPU
		{6B2223CF-A06F-44B6-BC94-93BE2F6E8BF1}.Release|Any CPU.Build.0 = Release|Any CPU
		{6B2223CF-A06F-44B6-BC94-93BE2F6E8BF1}.Release|x64.ActiveCfg = Release|Any CPU
		{6B2223CF-A06F-44B6-BC94-93BE2F6E8BF1}.Release|x64.Build.0 = Release|Any CPU
		{6B2223CF-A06F-44B6-BC94-93BE2F6E8BF1}.Release|x86.ActiveCfg = Release|Any CPU
		{6B2223CF-A06F-44B6-BC94-93BE2F6E8BF1}.Release|x86.Build.0 = Release|Any CPU
	EndGlobalSection
	GlobalSection(NestedProjects) = preSolution
		{3728A609-BD52-45E8-804B-75363CD702F0} = {50D42CC2-0E60-4053-9EE8-BFF723CF420A}
		{D655C08C-2D01-4C4D-A70B-769FEC1F2F03} = {1F79F844-0025-45B8-9491-EB761C9B9097}
		{C8195524-C2B6-4B16-B36B-E0A4B3FC2111} = {868CF569-428A-4251-ABF4-2E819B2E2F04}
		{B5685BED-1E46-4EA9-8AC8-4A4E7791A1CC} = {C8195524-C2B6-4B16-B36B-E0A4B3FC2111}
		{40B219BA-3154-4CE9-BD8C-C22D3AF2B715} = {B5685BED-1E46-4EA9-8AC8-4A4E7791A1CC}
		{E3CBCBC9-64B8-4D1B-B7CA-1845A9E1DD37} = {50D42CC2-0E60-4053-9EE8-BFF723CF420A}
		{E9580214-088B-4BA4-BD2E-8CDB81139E84} = {E3CBCBC9-64B8-4D1B-B7CA-1845A9E1DD37}
		{2F0D8298-0882-46F0-AFFE-58D02F8C2CFF} = {E9580214-088B-4BA4-BD2E-8CDB81139E84}
		{F5B188D1-0633-4762-8A45-DE0D787DF28E} = {2F0D8298-0882-46F0-AFFE-58D02F8C2CFF}
		{793AC3F7-00ED-4376-861D-D33B19FEF63C} = {E3CBCBC9-64B8-4D1B-B7CA-1845A9E1DD37}
		{7A0D06BE-FA5C-498F-BF30-A45CF3B8EE9A} = {793AC3F7-00ED-4376-861D-D33B19FEF63C}
		{290DFA55-40B7-4FE5-8394-A6970A63357F} = {7A0D06BE-FA5C-498F-BF30-A45CF3B8EE9A}
		{38179A9B-9917-40AE-9ED9-58C3758E1FB9} = {E3CBCBC9-64B8-4D1B-B7CA-1845A9E1DD37}
		{BDB8525B-9F60-43B8-B70A-0C6EA6633B1E} = {38179A9B-9917-40AE-9ED9-58C3758E1FB9}
		{6B2223CF-A06F-44B6-BC94-93BE2F6E8BF1} = {BDB8525B-9F60-43B8-B70A-0C6EA6633B1E}
	EndGlobalSection
EndGlobal
